
Microsoft Visual Studio Solution File, Format Version 12.00
# Visual Studio Version 17
VisualStudioVersion = 17.12.35527.113 d17.12
MinimumVisualStudioVersion = 10.0.40219.1
Project("{FAE04EC0-301F-11D3-BF4B-00C04F79EFBC}") = "Demo.Presntation", "Demo.Presntation\Demo.Presntation.csproj", "{6785AF39-8AC9-41CA-9962-B4170C11099F}"
EndProject
Project("{FAE04EC0-301F-11D3-BF4B-00C04F79EFBC}") = "Demo.BusinessLogic", "Demo.BusinessLogic\Demo.BusinessLogic.csproj", "{C9D8CF70-87F3-46AF-8B77-5EDE99C4EFD3}"
EndProject
Project("{FAE04EC0-301F-11D3-BF4B-00C04F79EFBC}") = "Demo.DataAccess", "Demo.DataAccess\Demo.DataAccess.csproj", "{83EC00CF-E215-4BA5-8D14-3D212A73DE75}"
EndProject
Global
	GlobalSection(SolutionConfigurationPlatforms) = preSolution
		Debug|Any CPU = Debug|Any CPU
		Release|Any CPU = Release|Any CPU
	EndGlobalSection
	GlobalSection(ProjectConfigurationPlatforms) = postSolution
		{6785AF39-8AC9-41CA-9962-B4170C11099F}.Debug|Any CPU.ActiveCfg = Debug|Any CPU
		{6785AF39-8AC9-41CA-9962-B4170C11099F}.Debug|Any CPU.Build.0 = Debug|Any CPU
		{6785AF39-8AC9-41CA-9962-B4170C11099F}.Release|Any CPU.ActiveCfg = Release|Any CPU
		{6785AF39-8AC9-41CA-9962-B4170C11099F}.Release|Any CPU.Build.0 = Release|Any CPU
		{C9D8CF70-87F3-46AF-8B77-5EDE99C4EFD3}.Debug|Any CPU.ActiveCfg = Debug|Any CPU
		{C9D8CF70-87F3-46AF-8B77-5EDE99C4EFD3}.Debug|Any CPU.Build.0 = Debug|Any CPU
		{C9D8CF70-87F3-46AF-8B77-5EDE99C4EFD3}.Release|Any CPU.ActiveCfg = Release|Any CPU
		{C9D8CF70-87F3-46AF-8B77-5EDE99C4EFD3}.Release|Any CPU.Build.0 = Release|Any CPU
		{83EC00CF-E215-4BA5-8D14-3D212A73DE75}.Debug|Any CPU.ActiveCfg = Debug|Any CPU
		{83EC00CF-E215-4BA5-8D14-3D212A73DE75}.Debug|Any CPU.Build.0 = Debug|Any CPU
		{83EC00CF-E215-4BA5-8D14-3D212A73DE75}.Release|Any CPU.ActiveCfg = Release|Any CPU
		{83EC00CF-E215-4BA5-8D14-3D212A73DE75}.Release|Any CPU.Build.0 = Release|Any CPU
	EndGlobalSection
	GlobalSection(SolutionProperties) = preSolution
		HideSolutionNode = FALSE
	EndGlobalSection
EndGlobal
